
Microsoft Visual Studio Solution File, Format Version 12.00
# Visual Studio Version 16
VisualStudioVersion = 16.0.30002.166
MinimumVisualStudioVersion = 10.0.40219.1
Project("{9A19103F-16F7-4668-BE54-9A1E7A4F7556}") = "AzureMLClient", "AzureMLClient\AzureMLClient.csproj", "{20C1D825-B913-49E5-885C-E2A377AA3CD3}"
EndProject
Project("{9A19103F-16F7-4668-BE54-9A1E7A4F7556}") = "MLClientTest", "MLClientTest\MLClientTest.csproj", "{71BEEC0F-70E8-40EB-B6B9-5B764C4D2965}"
EndProject
Global
	GlobalSection(SolutionConfigurationPlatforms) = preSolution
		Debug|Any CPU = Debug|Any CPU
		Release|Any CPU = Release|Any CPU
	EndGlobalSection
	GlobalSection(ProjectConfigurationPlatforms) = postSolution
		{20C1D825-B913-49E5-885C-E2A377AA3CD3}.Debug|Any CPU.ActiveCfg = Debug|Any CPU
		{20C1D825-B913-49E5-885C-E2A377AA3CD3}.Debug|Any CPU.Build.0 = Debug|Any CPU
		{20C1D825-B913-49E5-885C-E2A377AA3CD3}.Release|Any CPU.ActiveCfg = Release|Any CPU
		{20C1D825-B913-49E5-885C-E2A377AA3CD3}.Release|Any CPU.Build.0 = Release|Any CPU
		{71BEEC0F-70E8-40EB-B6B9-5B764C4D2965}.Debug|Any CPU.ActiveCfg = Debug|Any CPU
		{71BEEC0F-70E8-40EB-B6B9-5B764C4D2965}.Debug|Any CPU.Build.0 = Debug|Any CPU
		{71BEEC0F-70E8-40EB-B6B9-5B764C4D2965}.Release|Any CPU.ActiveCfg = Release|Any CPU
		{71BEEC0F-70E8-40EB-B6B9-5B764C4D2965}.Release|Any CPU.Build.0 = Release|Any CPU
	EndGlobalSection
	GlobalSection(SolutionProperties) = preSolution
		HideSolutionNode = FALSE
	EndGlobalSection
	GlobalSection(ExtensibilityGlobals) = postSolution
		SolutionGuid = {4442F8B1-CC93-4EAF-9021-8E62E7B203D3}
	EndGlobalSection
EndGlobal
